PODS:
  - AFNetworking (2.0.3):
    - AFNetworking/NSURLConnection
    - AFNetworking/NSURLSession
    - AFNetworking/Reachability
    - AFNetworking/Security
    - AFNetworking/Serialization
    - AFNetworking/UIKit
  - AFNetworking/NSURLConnection (2.0.3):
    - AFNetworking/Reachability
    - AFNetworking/Security
    - AFNetworking/Serialization
  - AFNetworking/NSURLSession (2.0.3):
    - AFNetworking/NSURLConnection
  - AFNetworking/Reachability (2.0.3)
  - AFNetworking/Security (2.0.3)
  - AFNetworking/Serialization (2.0.3)
  - AFNetworking/UIKit (2.0.3):
    - AFNetworking/NSURLConnection
  - APIKit (0.0.1):
    - AFNetworking (~> 2.0.3)
    - CLDCommon (~> 0.0.1)
    - Inflections (~> 1.0.0)
    - MagicalRecord (~> 2.2)
    - MAObjCRuntime (~> 0.0.1)
  - Block-KVO (2.2.1)
  - CCARadialGradientLayer (1.0)
  - CLDCommon (0.0.1):
    - AFNetworking (~> 2.0.3)
    - Block-KVO (~> 2.2.1)
  - CLDSocialShareToolbar (0.0.1)
  - CSEnhancedTableView (0.0.1)
  - CSShortcuts (0.0.1)
  - CSStandardViewControllers (0.0.1):
    - MBProgressHUD (~> 0.6)
  - GoogleAnalytics-iOS-SDK (3.0.7)
  - GPUImage (0.1.4)
  - HexColors (2.2.1)
  - Inflections (1.0.0):
    - RegexKitLite
  - MagicalRecord (2.2):
    - MagicalRecord/Core
  - MagicalRecord/Core (2.2)
  - MAObjCRuntime (0.0.1)
  - MBProgressHUD (0.8)
  - MFSideMenu (0.5.4)
  - NJKWebViewProgress (0.2.3):
    - NJKWebViewProgress/Core
    - NJKWebViewProgress/ProgressView
  - NJKWebViewProgress/Core (0.2.3)
  - NJKWebViewProgress/ProgressView (0.2.3)
  - NSDate+TimeAgo (1.0.3)
  - OCMock (2.2.4)
  - RegexKitLite (4.0)
  - SDWebImage (3.5.4):
    - SDWebImage/Core
  - SDWebImage/Core (3.5.4)
  - SRVApplicationDelegate (0.0.1):
    - MAObjCRuntime (~> 0.0)
  - SVProgressHUD (1.0)
  - TestFlightSDK (2.2.3-beta)
  - TSMessages (0.9.9):
    - HexColors

DEPENDENCIES:
  - AFNetworking (~> 2.0.3)
  - APIKit (from `https://github.com/jlorich/APIKit`, tag `0.0.1`)
  - Block-KVO (~> 2.2.1)
  - CCARadialGradientLayer (from `https://github.com/jilouc/CCARadialGradientLayer`, commit `4a2d6f31d8a08a3150ca517f0370e59047dae0e2`)
  - CLDCommon (from `https://github.com/cloudspace/CLDCommon`, tag `0.0.1`)
  - CLDSocialShareToolbar (from `https://github.com/cloudspace/CLDSocialShareToolbar`, tag `0.0.1`)
  - CSEnhancedTableView (~> 0.0.1)
  - CSShortcuts (~> 0.0.1)
  - CSStandardViewControllers (~> 0.0.1)
  - GoogleAnalytics-iOS-SDK (~> 3.0)
  - GPUImage (~> 0.1)
  - MagicalRecord (~> 2.2)
  - MFSideMenu (~> 0.5.4)
  - NJKWebViewProgress (~> 0.2)
  - NSDate+TimeAgo (~> 1.0.2)
  - OCMock (~> 2.2.2)
  - SDWebImage (~> 3.5.1)
  - SRVApplicationDelegate (from `https://github.com/jlorich/SRVApplicationDelegate`, tag `0.0.1`)
  - SVProgressHUD (~> 1.0)
  - TestFlightSDK (~> 2.2.0-noadid-beta)
  - TSMessages (~> 0.9)

EXTERNAL SOURCES:
  APIKit:
    :git: https://github.com/jlorich/APIKit
    :tag: 0.0.1
  CCARadialGradientLayer:
    :commit: 4a2d6f31d8a08a3150ca517f0370e59047dae0e2
    :git: https://github.com/jilouc/CCARadialGradientLayer
  CLDCommon:
    :git: https://github.com/cloudspace/CLDCommon
    :tag: 0.0.1
  CLDSocialShareToolbar:
    :git: https://github.com/cloudspace/CLDSocialShareToolbar
    :tag: 0.0.1
  SRVApplicationDelegate:
    :git: https://github.com/jlorich/SRVApplicationDelegate
    :tag: 0.0.1

SPEC CHECKSUMS:
  AFNetworking: e499052cbf3d743e9bb727bb37adb9dc2547ba15
  APIKit: 4d98b8acfbaa8edbc5eb303754c479d84c587765
  Block-KVO: 7b298fb4617e948179b4c7725569feff7bd58337
  CCARadialGradientLayer: 01c81a4868c20c11fd4d4f770cd9cb8eed6882bc
  CLDCommon: 2a6691a1d90e09f36bba6395d8d8d3ac701b9deb
  CLDSocialShareToolbar: 724f310087f9afdc1aa2d2ac1619004650dd1d32
  CSEnhancedTableView: 1e41e8e94529f19fb8f4f827b0e68ea908e26b69
  CSShortcuts: 0bd6b5f939bfbad0422ce7e07b52a8e47e938e8e
  CSStandardViewControllers: 40b3fbc88a2f30278969283c9dd22e345b855788
  GoogleAnalytics-iOS-SDK: 594702aaf93e6ee497140fd31e758c2e2fa44315
  GPUImage: f9b32e12350792a630e596ffc7b050bea3662670
  HexColors: 99211502e17904af7891fc8f687d0e4958a6d66e
  Inflections: 59aaf387b9ce22342b504534ee785fbdd793edd0
  MagicalRecord: 95d49d74ef752cd52f6ad87bcb474817fc3978cf
  MAObjCRuntime: ab7a4cd2ad843a49c8d78d2a96453c76b465da46
  MBProgressHUD: 2bbc6f470111daf7f3eaa4eb12b8cbf01c4c0622
  MFSideMenu: f59e25c080097a701e108459c207fb22e1f62c30
  NJKWebViewProgress: 2e7a17adf394a54b0203f544b354c2f1022eb651
  NSDate+TimeAgo: ca09306750ac2564418042aa10cf8365c36d2cee
  OCMock: 5008fae4b4789b8fc3e48cd7660f2eb5ef8ce89e
  RegexKitLite: b16f029b518614394438e17b7d1df8bfa1e5a81e
  SDWebImage: 1a62010700adbba823b621fc217906739dbf6aa5
  SRVApplicationDelegate: b1cc9ec98483da6494b069423d31bb3b235617c7
  SVProgressHUD: 5e10939a296debf5fe5a5895eda9539b8b2114f1
  TestFlightSDK: 79a20263b43de6f094271655c023d5581762cf8a
  TSMessages: 49f9083df41d320b34e8d66c5ed3ef147e543187

COCOAPODS: 0.32.1
